// !$*UTF8*$!
{
	archiveVersion = 1;
	classes = {
	};
	objectVersion = 50;
	objects = {

/* Begin PBXBuildFile section */
		DC653D8B23D4F5F500346529 /* gen_simd_ amalgamated.cpp in Sources */ = {isa = PBXBuildFile; fileRef = DC653D8A23D4F5F500346529 /* gen_simd_ amalgamated.cpp */; };
		DC653E2C23D5005200346529 /* mutex.cpp in Sources */ = {isa = PBXBuildFile; fileRef = DC653E1523D5005200346529 /* mutex.cpp */; };
		DC653E2D23D5005200346529 /* thread.cpp in Sources */ = {isa = PBXBuildFile; fileRef = DC653E1623D5005200346529 /* thread.cpp */; };
		DC653E2E23D5005200346529 /* os.cpp in Sources */ = {isa = PBXBuildFile; fileRef = DC653E1723D5005200346529 /* os.cpp */; };
		DC653E2F23D5005200346529 /* process.cpp in Sources */ = {isa = PBXBuildFile; fileRef = DC653E1823D5005200346529 /* process.cpp */; };
		DC653E3023D5005200346529 /* crtnone.cpp in Sources */ = {isa = PBXBuildFile; fileRef = DC653E1923D5005200346529 /* crtnone.cpp */; };
		DC653E3123D5005200346529 /* math.cpp in Sources */ = {isa = PBXBuildFile; fileRef = DC653E1A23D5005200346529 /* math.cpp */; };
		DC653E3223D5005200346529 /* dtoa.cpp in Sources */ = {isa = PBXBuildFile; fileRef = DC653E1B23D5005200346529 /* dtoa.cpp */; };
		DC653E3323D5005200346529 /* timer.cpp in Sources */ = {isa = PBXBuildFile; fileRef = DC653E1C23D5005200346529 /* timer.cpp */; };
		DC653E3423D5005200346529 /* url.cpp in Sources */ = {isa = PBXBuildFile; fileRef = DC653E1D23D5005200346529 /* url.cpp */; };
		DC653E3523D5005200346529 /* string.cpp in Sources */ = {isa = PBXBuildFile; fileRef = DC653E1E23D5005200346529 /* string.cpp */; };
		DC653E3623D5005200346529 /* easing.cpp in Sources */ = {isa = PBXBuildFile; fileRef = DC653E1F23D5005200346529 /* easing.cpp */; };
		DC653E3823D5005200346529 /* sort.cpp in Sources */ = {isa = PBXBuildFile; fileRef = DC653E2123D5005200346529 /* sort.cpp */; };
		DC653E3923D5005200346529 /* filepath.cpp in Sources */ = {isa = PBXBuildFile; fileRef = DC653E2223D5005200346529 /* filepath.cpp */; };
		DC653E3A23D5005200346529 /* file.cpp in Sources */ = {isa = PBXBuildFile; fileRef = DC653E2323D5005200346529 /* file.cpp */; };
		DC653E3B23D5005200346529 /* allocator.cpp in Sources */ = {isa = PBXBuildFile; fileRef = DC653E2423D5005200346529 /* allocator.cpp */; };
		DC653E3C23D5005200346529 /* debug.cpp in Sources */ = {isa = PBXBuildFile; fileRef = DC653E2523D5005200346529 /* debug.cpp */; };
		DC653E3D23D5005200346529 /* hash.cpp in Sources */ = {isa = PBXBuildFile; fileRef = DC653E2623D5005200346529 /* hash.cpp */; };
		DC653E3E23D5005200346529 /* semaphore.cpp in Sources */ = {isa = PBXBuildFile; fileRef = DC653E2723D5005200346529 /* semaphore.cpp */; };
		DC653E3F23D5005200346529 /* commandline.cpp in Sources */ = {isa = PBXBuildFile; fileRef = DC653E2923D5005200346529 /* commandline.cpp */; };
		DC653E4023D5005200346529 /* bx.cpp in Sources */ = {isa = PBXBuildFile; fileRef = DC653E2A23D5005200346529 /* bx.cpp */; };
		DC653E5C23D5020B00346529 /* Foundation.framework in Frameworks */ = {isa = PBXBuildFile; fileRef = DC653E5B23D5020B00346529 /* Foundation.framework */; };
		DC653E5E23D5021300346529 /* CoreFoundation.framework in Frameworks */ = {isa = PBXBuildFile; fileRef = DC653E5D23D5021300346529 /* CoreFoundation.framework */; };
/* End PBXBuildFile section */

/* Begin PBXCopyFilesBuildPhase section */
		DC653D7E23D4F58F00346529 /* CopyFiles */ = {
			isa = PBXCopyFilesBuildPhase;
			buildActionMask = 2147483647;
			dstPath = /usr/share/man/man1/;
			dstSubfolderSpec = 0;
			files = (
			);
			runOnlyForDeploymentPostprocessing = 1;
		};
/* End PBXCopyFilesBuildPhase section */

/* Begin PBXFileReference section */
		DC653D8023D4F58F00346529 /* gen_simd_ amalgamated */ = {isa = PBXFileReference; explicitFileType = "compiled.mach-o.executable"; includeInIndex = 0; path = "gen_simd_ amalgamated"; sourceTree = BUILT_PRODUCTS_DIR; };
		DC653D8A23D4F5F500346529 /* gen_simd_ amalgamated.cpp */ = {isa = PBXFileReference; fileEncoding = 4; lastKnownFileType = sourcecode.cpp.cpp; path = "gen_simd_ amalgamated.cpp"; sourceTree = "<group>"; };
		DC653DD223D5005200346529 /* uint32_t.h */ = {isa = PBXFileReference; fileEncoding = 4; lastKnownFileType = sourcecode.c.h; path = uint32_t.h; sourceTree = "<group>"; };
		DC653DD323D5005200346529 /* semaphore.h */ = {isa = PBXFileReference; fileEncoding = 4; lastKnownFileType = sourcecode.c.h; path = semaphore.h; sourceTree = "<group>"; };
		DC653DD423D5005200346529 /* error.h */ = {isa = PBXFileReference; fileEncoding = 4; lastKnownFileType = sourcecode.c.h; path = error.h; sourceTree = "<group>"; };
		DC653DD523D5005200346529 /* maputil.h */ = {isa = PBXFileReference; fileEncoding = 4; lastKnownFileType = sourcecode.c.h; path = maputil.h; sourceTree = "<group>"; };
		DC653DD623D5005200346529 /* debug.h */ = {isa = PBXFileReference; fileEncoding = 4; lastKnownFileType = sourcecode.c.h; path = debug.h; sourceTree = "<group>"; };
		DC653DD723D5005200346529 /* simd_t.h */ = {isa = PBXFileReference; fileEncoding = 4; lastKnownFileType = sourcecode.c.h; path = simd_t.h; sourceTree = "<group>"; };
		DC653DD823D5005200346529 /* easing.h */ = {isa = PBXFileReference; fileEncoding = 4; lastKnownFileType = sourcecode.c.h; path = easing.h; sourceTree = "<group>"; };
		DC653DD923D5005200346529 /* bx.h */ = {isa = PBXFileReference; fileEncoding = 4; lastKnownFileType = sourcecode.c.h; path = bx.h; sourceTree = "<group>"; };
		DC653DDA23D5005200346529 /* config.h */ = {isa = PBXFileReference; fileEncoding = 4; lastKnownFileType = sourcecode.c.h; path = config.h; sourceTree = "<group>"; };
		DC653DDB23D5005200346529 /* settings.h */ = {isa = PBXFileReference; fileEncoding = 4; lastKnownFileType = sourcecode.c.h; path = settings.h; sourceTree = "<group>"; };
		DC653DDC23D5005200346529 /* endian.h */ = {isa = PBXFileReference; fileEncoding = 4; lastKnownFileType = sourcecode.c.h; path = endian.h; sourceTree = "<group>"; };
		DC653DDD23D5005200346529 /* os.h */ = {isa = PBXFileReference; fileEncoding = 4; lastKnownFileType = sourcecode.c.h; path = os.h; sourceTree = "<group>"; };
		DC653DDE23D5005200346529 /* file.h */ = {isa = PBXFileReference; fileEncoding = 4; lastKnownFileType = sourcecode.c.h; path = file.h; sourceTree = "<group>"; };
		DC653DDF23D5005200346529 /* rng.h */ = {isa = PBXFileReference; fileEncoding = 4; lastKnownFileType = sourcecode.c.h; path = rng.h; sourceTree = "<group>"; };
		DC653DE023D5005200346529 /* handlealloc.h */ = {isa = PBXFileReference; fileEncoding = 4; lastKnownFileType = sourcecode.c.h; path = handlealloc.h; sourceTree = "<group>"; };
		DC653DE223D5005200346529 /* float4x4_t.inl */ = {isa = PBXFileReference; fileEncoding = 4; lastKnownFileType = text; path = float4x4_t.inl; sourceTree = "<group>"; };
		DC653DE323D5005200346529 /* handlealloc.inl */ = {isa = PBXFileReference; fileEncoding = 4; lastKnownFileType = text; path = handlealloc.inl; sourceTree = "<group>"; };
		DC653DE423D5005200346529 /* readerwriter.inl */ = {isa = PBXFileReference; fileEncoding = 4; lastKnownFileType = text; path = readerwriter.inl; sourceTree = "<group>"; };
		DC653DE523D5005200346529 /* allocator.inl */ = {isa = PBXFileReference; fileEncoding = 4; lastKnownFileType = text; path = allocator.inl; sourceTree = "<group>"; };
		DC653DE623D5005200346529 /* simd_ni.inl */ = {isa = PBXFileReference; fileEncoding = 4; lastKnownFileType = text; path = simd_ni.inl; sourceTree = "<group>"; };
		DC653DE723D5005200346529 /* simd128_neon.inl */ = {isa = PBXFileReference; fileEncoding = 4; lastKnownFileType = text; path = simd128_neon.inl; sourceTree = "<group>"; };
		DC653DE823D5005200346529 /* bx.inl */ = {isa = PBXFileReference; fileEncoding = 4; lastKnownFileType = text; path = bx.inl; sourceTree = "<group>"; };
		DC653DE923D5005200346529 /* spscqueue.inl */ = {isa = PBXFileReference; fileEncoding = 4; lastKnownFileType = text; path = spscqueue.inl; sourceTree = "<group>"; };
		DC653DEA23D5005200346529 /* simd128_swizzle.inl */ = {isa = PBXFileReference; fileEncoding = 4; lastKnownFileType = text; path = simd128_swizzle.inl; sourceTree = "<group>"; };
		DC653DEB23D5005200346529 /* ringbuffer.inl */ = {isa = PBXFileReference; fileEncoding = 4; lastKnownFileType = text; path = ringbuffer.inl; sourceTree = "<group>"; };
		DC653DEC23D5005200346529 /* simd128_sse.inl */ = {isa = PBXFileReference; fileEncoding = 4; lastKnownFileType = text; path = simd128_sse.inl; sourceTree = "<group>"; };
		DC653DED23D5005200346529 /* cpu.inl */ = {isa = PBXFileReference; fileEncoding = 4; lastKnownFileType = text; path = cpu.inl; sourceTree = "<group>"; };
		DC653DEE23D5005200346529 /* hash.inl */ = {isa = PBXFileReference; fileEncoding = 4; lastKnownFileType = text; path = hash.inl; sourceTree = "<group>"; };
		DC653DEF23D5005200346529 /* pixelformat.inl */ = {isa = PBXFileReference; fileEncoding = 4; lastKnownFileType = text; path = pixelformat.inl; sourceTree = "<group>"; };
		DC653DF023D5005200346529 /* simd256_avx.inl */ = {isa = PBXFileReference; fileEncoding = 4; lastKnownFileType = text; path = simd256_avx.inl; sourceTree = "<group>"; };
		DC653DF123D5005200346529 /* mutex.inl */ = {isa = PBXFileReference; fileEncoding = 4; lastKnownFileType = text; path = mutex.inl; sourceTree = "<group>"; };
		DC653DF223D5005200346529 /* easing.inl */ = {isa = PBXFileReference; fileEncoding = 4; lastKnownFileType = text; path = easing.inl; sourceTree = "<group>"; };
		DC653DF323D5005200346529 /* string.inl */ = {isa = PBXFileReference; fileEncoding = 4; lastKnownFileType = text; path = string.inl; sourceTree = "<group>"; };
		DC653DF423D5005200346529 /* simd128_ref.inl */ = {isa = PBXFileReference; fileEncoding = 4; lastKnownFileType = text; path = simd128_ref.inl; sourceTree = "<group>"; };
		DC653DF523D5005200346529 /* sort.inl */ = {isa = PBXFileReference; fileEncoding = 4; lastKnownFileType = text; path = sort.inl; sourceTree = "<group>"; };
		DC653DF623D5005200346529 /* uint32_t.inl */ = {isa = PBXFileReference; fileEncoding = 4; lastKnownFileType = text; path = uint32_t.inl; sourceTree = "<group>"; };
		DC653DF723D5005200346529 /* rng.inl */ = {isa = PBXFileReference; fileEncoding = 4; lastKnownFileType = text; path = rng.inl; sourceTree = "<group>"; };
		DC653DF823D5005200346529 /* math.inl */ = {isa = PBXFileReference; fileEncoding = 4; lastKnownFileType = text; path = math.inl; sourceTree = "<group>"; };
		DC653DF923D5005200346529 /* error.inl */ = {isa = PBXFileReference; fileEncoding = 4; lastKnownFileType = text; path = error.inl; sourceTree = "<group>"; };
		DC653DFA23D5005200346529 /* simd256_ref.inl */ = {isa = PBXFileReference; fileEncoding = 4; lastKnownFileType = text; path = simd256_ref.inl; sourceTree = "<group>"; };
		DC653DFB23D5005200346529 /* mpscqueue.inl */ = {isa = PBXFileReference; fileEncoding = 4; lastKnownFileType = text; path = mpscqueue.inl; sourceTree = "<group>"; };
		DC653DFC23D5005200346529 /* endian.inl */ = {isa = PBXFileReference; fileEncoding = 4; lastKnownFileType = text; path = endian.inl; sourceTree = "<group>"; };
		DC653DFD23D5005200346529 /* simd128_langext.inl */ = {isa = PBXFileReference; fileEncoding = 4; lastKnownFileType = text; path = simd128_langext.inl; sourceTree = "<group>"; };
		DC653DFE23D5005200346529 /* timer.h */ = {isa = PBXFileReference; fileEncoding = 4; lastKnownFileType = sourcecode.c.h; path = timer.h; sourceTree = "<group>"; };
		DC653DFF23D5005200346529 /* thread.h */ = {isa = PBXFileReference; fileEncoding = 4; lastKnownFileType = sourcecode.c.h; path = thread.h; sourceTree = "<group>"; };
		DC653E0023D5005200346529 /* allocator.h */ = {isa = PBXFileReference; fileEncoding = 4; lastKnownFileType = sourcecode.c.h; path = allocator.h; sourceTree = "<group>"; };
		DC653E0123D5005200346529 /* spscqueue.h */ = {isa = PBXFileReference; fileEncoding = 4; lastKnownFileType = sourcecode.c.h; path = spscqueue.h; sourceTree = "<group>"; };
		DC653E0223D5005200346529 /* url.h */ = {isa = PBXFileReference; fileEncoding = 4; lastKnownFileType = sourcecode.c.h; path = url.h; sourceTree = "<group>"; };
		DC653E0323D5005200346529 /* macros.h */ = {isa = PBXFileReference; fileEncoding = 4; lastKnownFileType = sourcecode.c.h; path = macros.h; sourceTree = "<group>"; };
		DC653E0423D5005200346529 /* cpu.h */ = {isa = PBXFileReference; fileEncoding = 4; lastKnownFileType = sourcecode.c.h; path = cpu.h; sourceTree = "<group>"; };
		DC653E0523D5005200346529 /* readerwriter.h */ = {isa = PBXFileReference; fileEncoding = 4; lastKnownFileType = sourcecode.c.h; path = readerwriter.h; sourceTree = "<group>"; };
		DC653E0623D5005200346529 /* mpscqueue.h */ = {isa = PBXFileReference; fileEncoding = 4; lastKnownFileType = sourcecode.c.h; path = mpscqueue.h; sourceTree = "<group>"; };
		DC653E0723D5005200346529 /* process.h */ = {isa = PBXFileReference; fileEncoding = 4; lastKnownFileType = sourcecode.c.h; path = process.h; sourceTree = "<group>"; };
		DC653E0823D5005200346529 /* float4x4_t.h */ = {isa = PBXFileReference; fileEncoding = 4; lastKnownFileType = sourcecode.c.h; path = float4x4_t.h; sourceTree = "<group>"; };
		DC653E0923D5005200346529 /* math.h */ = {isa = PBXFileReference; fileEncoding = 4; lastKnownFileType = sourcecode.c.h; path = math.h; sourceTree = "<group>"; };
		DC653E0A23D5005200346529 /* filepath.h */ = {isa = PBXFileReference; fileEncoding = 4; lastKnownFileType = sourcecode.c.h; path = filepath.h; sourceTree = "<group>"; };
		DC653E0B23D5005200346529 /* mutex.h */ = {isa = PBXFileReference; fileEncoding = 4; lastKnownFileType = sourcecode.c.h; path = mutex.h; sourceTree = "<group>"; };
		DC653E0C23D5005200346529 /* commandline.h */ = {isa = PBXFileReference; fileEncoding = 4; lastKnownFileType = sourcecode.c.h; path = commandline.h; sourceTree = "<group>"; };
		DC653E0D23D5005200346529 /* sort.h */ = {isa = PBXFileReference; fileEncoding = 4; lastKnownFileType = sourcecode.c.h; path = sort.h; sourceTree = "<group>"; };
		DC653E0E23D5005200346529 /* platform.h */ = {isa = PBXFileReference; fileEncoding = 4; lastKnownFileType = sourcecode.c.h; path = platform.h; sourceTree = "<group>"; };
		DC653E0F23D5005200346529 /* hash.h */ = {isa = PBXFileReference; fileEncoding = 4; lastKnownFileType = sourcecode.c.h; path = hash.h; sourceTree = "<group>"; };
		DC653E1023D5005200346529 /* ringbuffer.h */ = {isa = PBXFileReference; fileEncoding = 4; lastKnownFileType = sourcecode.c.h; path = ringbuffer.h; sourceTree = "<group>"; };
		DC653E1123D5005200346529 /* pixelformat.h */ = {isa = PBXFileReference; fileEncoding = 4; lastKnownFileType = sourcecode.c.h; path = pixelformat.h; sourceTree = "<group>"; };
		DC653E1223D5005200346529 /* string.h */ = {isa = PBXFileReference; fileEncoding = 4; lastKnownFileType = sourcecode.c.h; path = string.h; sourceTree = "<group>"; };
		DC653E1523D5005200346529 /* mutex.cpp */ = {isa = PBXFileReference; fileEncoding = 4; lastKnownFileType = sourcecode.cpp.cpp; path = mutex.cpp; sourceTree = "<group>"; };
		DC653E1623D5005200346529 /* thread.cpp */ = {isa = PBXFileReference; fileEncoding = 4; lastKnownFileType = sourcecode.cpp.cpp; path = thread.cpp; sourceTree = "<group>"; };
		DC653E1723D5005200346529 /* os.cpp */ = {isa = PBXFileReference; fileEncoding = 4; lastKnownFileType = sourcecode.cpp.cpp; path = os.cpp; sourceTree = "<group>"; };
		DC653E1823D5005200346529 /* process.cpp */ = {isa = PBXFileReference; fileEncoding = 4; lastKnownFileType = sourcecode.cpp.cpp; path = process.cpp; sourceTree = "<group>"; };
		DC653E1923D5005200346529 /* crtnone.cpp */ = {isa = PBXFileReference; fileEncoding = 4; lastKnownFileType = sourcecode.cpp.cpp; path = crtnone.cpp; sourceTree = "<group>"; };
		DC653E1A23D5005200346529 /* math.cpp */ = {isa = PBXFileReference; fileEncoding = 4; lastKnownFileType = sourcecode.cpp.cpp; path = math.cpp; sourceTree = "<group>"; };
		DC653E1B23D5005200346529 /* dtoa.cpp */ = {isa = PBXFileReference; fileEncoding = 4; lastKnownFileType = sourcecode.cpp.cpp; path = dtoa.cpp; sourceTree = "<group>"; };
		DC653E1C23D5005200346529 /* timer.cpp */ = {isa = PBXFileReference; fileEncoding = 4; lastKnownFileType = sourcecode.cpp.cpp; path = timer.cpp; sourceTree = "<group>"; };
		DC653E1D23D5005200346529 /* url.cpp */ = {isa = PBXFileReference; fileEncoding = 4; lastKnownFileType = sourcecode.cpp.cpp; path = url.cpp; sourceTree = "<group>"; };
		DC653E1E23D5005200346529 /* string.cpp */ = {isa = PBXFileReference; fileEncoding = 4; lastKnownFileType = sourcecode.cpp.cpp; path = string.cpp; sourceTree = "<group>"; };
		DC653E1F23D5005200346529 /* easing.cpp */ = {isa = PBXFileReference; fileEncoding = 4; lastKnownFileType = sourcecode.cpp.cpp; path = easing.cpp; sourceTree = "<group>"; };
		DC653E2123D5005200346529 /* sort.cpp */ = {isa = PBXFileReference; fileEncoding = 4; lastKnownFileType = sourcecode.cpp.cpp; path = sort.cpp; sourceTree = "<group>"; };
		DC653E2223D5005200346529 /* filepath.cpp */ = {isa = PBXFileReference; fileEncoding = 4; lastKnownFileType = sourcecode.cpp.cpp; path = filepath.cpp; sourceTree = "<group>"; };
		DC653E2323D5005200346529 /* file.cpp */ = {isa = PBXFileReference; fileEncoding = 4; lastKnownFileType = sourcecode.cpp.cpp; path = file.cpp; sourceTree = "<group>"; };
		DC653E2423D5005200346529 /* allocator.cpp */ = {isa = PBXFileReference; fileEncoding = 4; lastKnownFileType = sourcecode.cpp.cpp; path = allocator.cpp; sourceTree = "<group>"; };
		DC653E2523D5005200346529 /* debug.cpp */ = {isa = PBXFileReference; fileEncoding = 4; lastKnownFileType = sourcecode.cpp.cpp; path = debug.cpp; sourceTree = "<group>"; };
		DC653E2623D5005200346529 /* hash.cpp */ = {isa = PBXFileReference; fileEncoding = 4; lastKnownFileType = sourcecode.cpp.cpp; path = hash.cpp; sourceTree = "<group>"; };
		DC653E2723D5005200346529 /* semaphore.cpp */ = {isa = PBXFileReference; fileEncoding = 4; lastKnownFileType = sourcecode.cpp.cpp; path = semaphore.cpp; sourceTree = "<group>"; };
		DC653E2823D5005200346529 /* bx_p.h */ = {isa = PBXFileReference; fileEncoding = 4; lastKnownFileType = sourcecode.c.h; path = bx_p.h; sourceTree = "<group>"; };
		DC653E2923D5005200346529 /* commandline.cpp */ = {isa = PBXFileReference; fileEncoding = 4; lastKnownFileType = sourcecode.cpp.cpp; path = commandline.cpp; sourceTree = "<group>"; };
		DC653E2A23D5005200346529 /* bx.cpp */ = {isa = PBXFileReference; fileEncoding = 4; lastKnownFileType = sourcecode.cpp.cpp; path = bx.cpp; sourceTree = "<group>"; };
		DC653E4B23D5010400346529 /* malloc.h */ = {isa = PBXFileReference; fileEncoding = 4; lastKnownFileType = sourcecode.c.h; path = malloc.h; sourceTree = "<group>"; };
		DC653E5B23D5020B00346529 /* Foundation.framework */ = {isa = PBXFileReference; lastKnownFileType = wrapper.framework; name = Foundation.framework; path = System/Library/Frameworks/Foundation.framework; sourceTree = SDKROOT; };
		DC653E5D23D5021300346529 /* CoreFoundation.framework */ = {isa = PBXFileReference; lastKnownFileType = wrapper.framework; name = CoreFoundation.framework; path = System/Library/Frameworks/CoreFoundation.framework; sourceTree = SDKROOT; };
/* End PBXFileReference section */

/* Begin PBXFrameworksBuildPhase section */
		DC653D7D23D4F58F00346529 /* Frameworks */ = {
			isa = PBXFrameworksBuildPhase;
			buildActionMask = 2147483647;
			files = (
				DC653E5E23D5021300346529 /* CoreFoundation.framework in Frameworks */,
				DC653E5C23D5020B00346529 /* Foundation.framework in Frameworks */,
			);
			runOnlyForDeploymentPostprocessing = 0;
		};
/* End PBXFrameworksBuildPhase section */

/* Begin PBXGroup section */
		DC653D7723D4F58F00346529 = {
			isa = PBXGroup;
			children = (
				DC653DCF23D5005200346529 /* 3rdparty */,
				DC653D8A23D4F5F500346529 /* gen_simd_ amalgamated.cpp */,
				DC653D8123D4F58F00346529 /* Products */,
				DC653E5A23D5020A00346529 /* Frameworks */,
			);
			sourceTree = "<group>";
		};
		DC653D8123D4F58F00346529 /* Products */ = {
			isa = PBXGroup;
			children = (
				DC653D8023D4F58F00346529 /* gen_simd_ amalgamated */,
			);
			name = Products;
			sourceTree = "<group>";
		};
		DC653DCF23D5005200346529 /* 3rdparty */ = {
			isa = PBXGroup;
			children = (
				DC653DD023D5005200346529 /* include */,
				DC653E1323D5005200346529 /* src */,
			);
			path = 3rdparty;
			sourceTree = "<group>";
		};
		DC653DD023D5005200346529 /* include */ = {
			isa = PBXGroup;
			children = (
				DC653E4223D5010400346529 /* compat */,
				DC653DD123D5005200346529 /* bx */,
			);
			path = include;
			sourceTree = "<group>";
		};
		DC653DD123D5005200346529 /* bx */ = {
			isa = PBXGroup;
			children = (
				DC653DD223D5005200346529 /* uint32_t.h */,
				DC653DD323D5005200346529 /* semaphore.h */,
				DC653DD423D5005200346529 /* error.h */,
				DC653DD523D5005200346529 /* maputil.h */,
				DC653DD623D5005200346529 /* debug.h */,
				DC653DD723D5005200346529 /* simd_t.h */,
				DC653DD823D5005200346529 /* easing.h */,
				DC653DD923D5005200346529 /* bx.h */,
				DC653DDA23D5005200346529 /* config.h */,
				DC653DDB23D5005200346529 /* settings.h */,
				DC653DDC23D5005200346529 /* endian.h */,
				DC653DDD23D5005200346529 /* os.h */,
				DC653DDE23D5005200346529 /* file.h */,
				DC653DDF23D5005200346529 /* rng.h */,
				DC653DE023D5005200346529 /* handlealloc.h */,
				DC653DE123D5005200346529 /* inline */,
				DC653DFE23D5005200346529 /* timer.h */,
				DC653DFF23D5005200346529 /* thread.h */,
				DC653E0023D5005200346529 /* allocator.h */,
				DC653E0123D5005200346529 /* spscqueue.h */,
				DC653E0223D5005200346529 /* url.h */,
				DC653E0323D5005200346529 /* macros.h */,
				DC653E0423D5005200346529 /* cpu.h */,
				DC653E0523D5005200346529 /* readerwriter.h */,
				DC653E0623D5005200346529 /* mpscqueue.h */,
				DC653E0723D5005200346529 /* process.h */,
				DC653E0823D5005200346529 /* float4x4_t.h */,
				DC653E0923D5005200346529 /* math.h */,
				DC653E0A23D5005200346529 /* filepath.h */,
				DC653E0B23D5005200346529 /* mutex.h */,
				DC653E0C23D5005200346529 /* commandline.h */,
				DC653E0D23D5005200346529 /* sort.h */,
				DC653E0E23D5005200346529 /* platform.h */,
				DC653E0F23D5005200346529 /* hash.h */,
				DC653E1023D5005200346529 /* ringbuffer.h */,
				DC653E1123D5005200346529 /* pixelformat.h */,
				DC653E1223D5005200346529 /* string.h */,
			);
			path = bx;
			sourceTree = "<group>";
		};
		DC653DE123D5005200346529 /* inline */ = {
			isa = PBXGroup;
			children = (
				DC653DE223D5005200346529 /* float4x4_t.inl */,
				DC653DE323D5005200346529 /* handlealloc.inl */,
				DC653DE423D5005200346529 /* readerwriter.inl */,
				DC653DE523D5005200346529 /* allocator.inl */,
				DC653DE623D5005200346529 /* simd_ni.inl */,
				DC653DE723D5005200346529 /* simd128_neon.inl */,
				DC653DE823D5005200346529 /* bx.inl */,
				DC653DE923D5005200346529 /* spscqueue.inl */,
				DC653DEA23D5005200346529 /* simd128_swizzle.inl */,
				DC653DEB23D5005200346529 /* ringbuffer.inl */,
				DC653DEC23D5005200346529 /* simd128_sse.inl */,
				DC653DED23D5005200346529 /* cpu.inl */,
				DC653DEE23D5005200346529 /* hash.inl */,
				DC653DEF23D5005200346529 /* pixelformat.inl */,
				DC653DF023D5005200346529 /* simd256_avx.inl */,
				DC653DF123D5005200346529 /* mutex.inl */,
				DC653DF223D5005200346529 /* easing.inl */,
				DC653DF323D5005200346529 /* string.inl */,
				DC653DF423D5005200346529 /* simd128_ref.inl */,
				DC653DF523D5005200346529 /* sort.inl */,
				DC653DF623D5005200346529 /* uint32_t.inl */,
				DC653DF723D5005200346529 /* rng.inl */,
				DC653DF823D5005200346529 /* math.inl */,
				DC653DF923D5005200346529 /* error.inl */,
				DC653DFA23D5005200346529 /* simd256_ref.inl */,
				DC653DFB23D5005200346529 /* mpscqueue.inl */,
				DC653DFC23D5005200346529 /* endian.inl */,
				DC653DFD23D5005200346529 /* simd128_langext.inl */,
			);
			path = inline;
			sourceTree = "<group>";
		};
		DC653E1323D5005200346529 /* src */ = {
			isa = PBXGroup;
			children = (
				DC653E1423D5005200346529 /* bx */,
			);
			path = src;
			sourceTree = "<group>";
		};
		DC653E1423D5005200346529 /* bx */ = {
			isa = PBXGroup;
			children = (
				DC653E2423D5005200346529 /* allocator.cpp */,
				DC653E2823D5005200346529 /* bx_p.h */,
				DC653E2A23D5005200346529 /* bx.cpp */,
				DC653E2923D5005200346529 /* commandline.cpp */,
				DC653E1923D5005200346529 /* crtnone.cpp */,
				DC653E2523D5005200346529 /* debug.cpp */,
				DC653E1B23D5005200346529 /* dtoa.cpp */,
				DC653E1F23D5005200346529 /* easing.cpp */,
				DC653E2323D5005200346529 /* file.cpp */,
				DC653E2223D5005200346529 /* filepath.cpp */,
				DC653E2623D5005200346529 /* hash.cpp */,
				DC653E1A23D5005200346529 /* math.cpp */,
				DC653E1523D5005200346529 /* mutex.cpp */,
				DC653E1723D5005200346529 /* os.cpp */,
				DC653E1823D5005200346529 /* process.cpp */,
				DC653E2723D5005200346529 /* semaphore.cpp */,
				DC653E2123D5005200346529 /* sort.cpp */,
				DC653E1E23D5005200346529 /* string.cpp */,
				DC653E1623D5005200346529 /* thread.cpp */,
				DC653E1C23D5005200346529 /* timer.cpp */,
				DC653E1D23D5005200346529 /* url.cpp */,
			);
			path = bx;
			sourceTree = "<group>";
		};
		DC653E4223D5010400346529 /* compat */ = {
			isa = PBXGroup;
			children = (
				DC653E4A23D5010400346529 /* osx */,
			);
			path = compat;
			sourceTree = "<group>";
		};
		DC653E4A23D5010400346529 /* osx */ = {
			isa = PBXGroup;
			children = (
				DC653E4B23D5010400346529 /* malloc.h */,
			);
			path = osx;
			sourceTree = "<group>";
		};
		DC653E5A23D5020A00346529 /* Frameworks */ = {
			isa = PBXGroup;
			children = (
				DC653E5D23D5021300346529 /* CoreFoundation.framework */,
				DC653E5B23D5020B00346529 /* Foundation.framework */,
			);
			name = Frameworks;
			sourceTree = "<group>";
		};
/* End PBXGroup section */

/* Begin PBXNativeTarget section */
		DC653D7F23D4F58F00346529 /* gen_simd_ amalgamated */ = {
			isa = PBXNativeTarget;
			buildConfigurationList = DC653D8723D4F58F00346529 /* Build configuration list for PBXNativeTarget "gen_simd_ amalgamated" */;
			buildPhases = (
				DC653D7C23D4F58F00346529 /* Sources */,
				DC653D7D23D4F58F00346529 /* Frameworks */,
				DC653D7E23D4F58F00346529 /* CopyFiles */,
			);
			buildRules = (
			);
			dependencies = (
			);
			name = "gen_simd_ amalgamated";
			productName = "gen_simd_ amalgamated";
			productReference = DC653D8023D4F58F00346529 /* gen_simd_ amalgamated */;
			productType = "com.apple.product-type.tool";
		};
/* End PBXNativeTarget section */

/* Begin PBXProject section */
		DC653D7823D4F58F00346529 /* Project object */ = {
			isa = PBXProject;
			attributes = {
				LastUpgradeCheck = 1030;
				ORGANIZATIONNAME = "Attila Kocsis";
				TargetAttributes = {
					DC653D7F23D4F58F00346529 = {
						CreatedOnToolsVersion = 10.3;
					};
				};
			};
			buildConfigurationList = DC653D7B23D4F58F00346529 /* Build configuration list for PBXProject "gen_simd_ amalgamated" */;
			compatibilityVersion = "Xcode 9.3";
			developmentRegion = en;
			hasScannedForEncodings = 0;
			knownRegions = (
				en,
			);
			mainGroup = DC653D7723D4F58F00346529;
			productRefGroup = DC653D8123D4F58F00346529 /* Products */;
			projectDirPath = "";
			projectRoot = "";
			targets = (
				DC653D7F23D4F58F00346529 /* gen_simd_ amalgamated */,
			);
		};
/* End PBXProject section */

/* Begin PBXSourcesBuildPhase section */
		DC653D7C23D4F58F00346529 /* Sources */ = {
			isa = PBXSourcesBuildPhase;
			buildActionMask = 2147483647;
			files = (
				DC653D8B23D4F5F500346529 /* gen_simd_ amalgamated.cpp in Sources */,
				DC653E3923D5005200346529 /* filepath.cpp in Sources */,
				DC653E3423D5005200346529 /* url.cpp in Sources */,
				DC653E3223D5005200346529 /* dtoa.cpp in Sources */,
				DC653E3523D5005200346529 /* string.cpp in Sources */,
				DC653E3023D5005200346529 /* crtnone.cpp in Sources */,
				DC653E2F23D5005200346529 /* process.cpp in Sources */,
				DC653E3C23D5005200346529 /* debug.cpp in Sources */,
				DC653E2E23D5005200346529 /* os.cpp in Sources */,
				DC653E3E23D5005200346529 /* semaphore.cpp in Sources */,
				DC653E3A23D5005200346529 /* file.cpp in Sources */,
				DC653E3123D5005200346529 /* math.cpp in Sources */,
				DC653E3823D5005200346529 /* sort.cpp in Sources */,
				DC653E3D23D5005200346529 /* hash.cpp in Sources */,
				DC653E2D23D5005200346529 /* thread.cpp in Sources */,
				DC653E2C23D5005200346529 /* mutex.cpp in Sources */,
				DC653E4023D5005200346529 /* bx.cpp in Sources */,
				DC653E3B23D5005200346529 /* allocator.cpp in Sources */,
				DC653E3623D5005200346529 /* easing.cpp in Sources */,
				DC653E3F23D5005200346529 /* commandline.cpp in Sources */,
				DC653E3323D5005200346529 /* timer.cpp in Sources */,
			);
			runOnlyForDeploymentPostprocessing = 0;
		};
/* End PBXSourcesBuildPhase section */

/* Begin XCBuildConfiguration section */
		DC653D8523D4F58F00346529 /* Debug */ = {
			isa = XCBuildConfiguration;
			buildSettings = {
				ALWAYS_SEARCH_USER_PATHS = NO;
				CLANG_ANALYZER_NONNULL = YES;
				CLANG_ANALYZER_NUMBER_OBJECT_CONVERSION = YES_AGGRESSIVE;
				CLANG_CXX_LANGUAGE_STANDARD = "gnu++14";
				CLANG_CXX_LIBRARY = "libc++";
				CLANG_ENABLE_MODULES = YES;
				CLANG_ENABLE_OBJC_ARC = YES;
				CLANG_ENABLE_OBJC_WEAK = YES;
				CLANG_WARN_BLOCK_CAPTURE_AUTORELEASING = YES;
				CLANG_WARN_BOOL_CONVERSION = YES;
				CLANG_WARN_COMMA = YES;
				CLANG_WARN_CONSTANT_CONVERSION = YES;
				CLANG_WARN_DEPRECATED_OBJC_IMPLEMENTATIONS = YES;
				CLANG_WARN_DIRECT_OBJC_ISA_USAGE = YES_ERROR;
				CLANG_WARN_DOCUMENTATION_COMMENTS = YES;
				CLANG_WARN_EMPTY_BODY = YES;
				CLANG_WARN_ENUM_CONVERSION = YES;
				CLANG_WARN_INFINITE_RECURSION = YES;
				CLANG_WARN_INT_CONVERSION = YES;
				CLANG_WARN_NON_LITERAL_NULL_CONVERSION = YES;
				CLANG_WARN_OBJC_IMPLICIT_RETAIN_SELF = YES;
				CLANG_WARN_OBJC_LITERAL_CONVERSION = YES;
				CLANG_WARN_OBJC_ROOT_CLASS = YES_ERROR;
				CLANG_WARN_RANGE_LOOP_ANALYSIS = YES;
				CLANG_WARN_STRICT_PROTOTYPES = YES;
				CLANG_WARN_SUSPICIOUS_MOVE = YES;
				CLANG_WARN_UNGUARDED_AVAILABILITY = YES_AGGRESSIVE;
				CLANG_WARN_UNREACHABLE_CODE = YES;
				CLANG_WARN__DUPLICATE_METHOD_MATCH = YES;
				CODE_SIGN_IDENTITY = "Mac Developer";
				COPY_PHASE_STRIP = NO;
				DEBUG_INFORMATION_FORMAT = dwarf;
				ENABLE_STRICT_OBJC_MSGSEND = YES;
				ENABLE_TESTABILITY = YES;
				GCC_C_LANGUAGE_STANDARD = gnu11;
				GCC_DYNAMIC_NO_PIC = NO;
				GCC_NO_COMMON_BLOCKS = YES;
				GCC_OPTIMIZATION_LEVEL = 0;
				GCC_PREPROCESSOR_DEFINITIONS = (
					"DEBUG=1",
					"$(inherited)",
				);
				GCC_WARN_64_TO_32_BIT_CONVERSION = YES;
				GCC_WARN_ABOUT_RETURN_TYPE = YES_ERROR;
				GCC_WARN_UNDECLARED_SELECTOR = YES;
				GCC_WARN_UNINITIALIZED_AUTOS = YES_AGGRESSIVE;
				GCC_WARN_UNUSED_FUNCTION = YES;
				GCC_WARN_UNUSED_VARIABLE = YES;
				MACOSX_DEPLOYMENT_TARGET = 10.14;
				MTL_ENABLE_DEBUG_INFO = INCLUDE_SOURCE;
				MTL_FAST_MATH = YES;
				ONLY_ACTIVE_ARCH = YES;
				SDKROOT = macosx;
			};
			name = Debug;
		};
		DC653D8623D4F58F00346529 /* Release */ = {
			isa = XCBuildConfiguration;
			buildSettings = {
				ALWAYS_SEARCH_USER_PATHS = NO;
				CLANG_ANALYZER_NONNULL = YES;
				CLANG_ANALYZER_NUMBER_OBJECT_CONVERSION = YES_AGGRESSIVE;
				CLANG_CXX_LANGUAGE_STANDARD = "gnu++14";
				CLANG_CXX_LIBRARY = "libc++";
				CLANG_ENABLE_MODULES = YES;
				CLANG_ENABLE_OBJC_ARC = YES;
				CLANG_ENABLE_OBJC_WEAK = YES;
				CLANG_WARN_BLOCK_CAPTURE_AUTORELEASING = YES;
				CLANG_WARN_BOOL_CONVERSION = YES;
				CLANG_WARN_COMMA = YES;
				CLANG_WARN_CONSTANT_CONVERSION = YES;
				CLANG_WARN_DEPRECATED_OBJC_IMPLEMENTATIONS = YES;
				CLANG_WARN_DIRECT_OBJC_ISA_USAGE = YES_ERROR;
				CLANG_WARN_DOCUMENTATION_COMMENTS = YES;
				CLANG_WARN_EMPTY_BODY = YES;
				CLANG_WARN_ENUM_CONVERSION = YES;
				CLANG_WARN_INFINITE_RECURSION = YES;
				CLANG_WARN_INT_CONVERSION = YES;
				CLANG_WARN_NON_LITERAL_NULL_CONVERSION = YES;
				CLANG_WARN_OBJC_IMPLICIT_RETAIN_SELF = YES;
				CLANG_WARN_OBJC_LITERAL_CONVERSION = YES;
				CLANG_WARN_OBJC_ROOT_CLASS = YES_ERROR;
				CLANG_WARN_RANGE_LOOP_ANALYSIS = YES;
				CLANG_WARN_STRICT_PROTOTYPES = YES;
				CLANG_WARN_SUSPICIOUS_MOVE = YES;
				CLANG_WARN_UNGUARDED_AVAILABILITY = YES_AGGRESSIVE;
				CLANG_WARN_UNREACHABLE_CODE = YES;
				CLANG_WARN__DUPLICATE_METHOD_MATCH = YES;
				CODE_SIGN_IDENTITY = "Mac Developer";
				COPY_PHASE_STRIP = NO;
				DEBUG_INFORMATION_FORMAT = "dwarf-with-dsym";
				ENABLE_NS_ASSERTIONS = NO;
				ENABLE_STRICT_OBJC_MSGSEND = YES;
				GCC_C_LANGUAGE_STANDARD = gnu11;
				GCC_NO_COMMON_BLOCKS = YES;
				GCC_WARN_64_TO_32_BIT_CONVERSION = YES;
				GCC_WARN_ABOUT_RETURN_TYPE = YES_ERROR;
				GCC_WARN_UNDECLARED_SELECTOR = YES;
				GCC_WARN_UNINITIALIZED_AUTOS = YES_AGGRESSIVE;
				GCC_WARN_UNUSED_FUNCTION = YES;
				GCC_WARN_UNUSED_VARIABLE = YES;
				MACOSX_DEPLOYMENT_TARGET = 10.14;
				MTL_ENABLE_DEBUG_INFO = NO;
				MTL_FAST_MATH = YES;
				SDKROOT = macosx;
			};
			name = Release;
		};
		DC653D8823D4F58F00346529 /* Debug */ = {
			isa = XCBuildConfiguration;
			buildSettings = {
				CODE_SIGN_STYLE = Automatic;
				DEVELOPMENT_TEAM = LMUU7C72Z3;
				HEADER_SEARCH_PATHS = 3rdparty/include;
				PRODUCT_NAME = "$(TARGET_NAME)";
				SYSTEM_HEADER_SEARCH_PATHS = 3rdparty/include/compat/osx;
			};
			name = Debug;
		};
		DC653D8923D4F58F00346529 /* Release */ = {
			isa = XCBuildConfiguration;
			buildSettings = {
				CODE_SIGN_STYLE = Automatic;
				DEVELOPMENT_TEAM = LMUU7C72Z3;
				HEADER_SEARCH_PATHS = 3rdparty/include;
				PRODUCT_NAME = "$(TARGET_NAME)";
				SYSTEM_HEADER_SEARCH_PATHS = 3rdparty/include/compat/osx;
			};
			name = Release;
		};
/* End XCBuildConfiguration section */

/* Begin XCConfigurationList section */
		DC653D7B23D4F58F00346529 /* Build configuration list for PBXProject "gen_simd_ amalgamated" */ = {
			isa = XCConfigurationList;
			buildConfigurations = (
				DC653D8523D4F58F00346529 /* Debug */,
				DC653D8623D4F58F00346529 /* Release */,
			);
			defaultConfigurationIsVisible = 0;
			defaultConfigurationName = Release;
		};
		DC653D8723D4F58F00346529 /* Build configuration list for PBXNativeTarget "gen_simd_ amalgamated" */ = {
			isa = XCConfigurationList;
			buildConfigurations = (
				DC653D8823D4F58F00346529 /* Debug */,
				DC653D8923D4F58F00346529 /* Release */,
			);
			defaultConfigurationIsVisible = 0;
			defaultConfigurationName = Release;
		};
/* End XCConfigurationList section */
	};
	rootObject = DC653D7823D4F58F00346529 /* Project object */;
}
